// !$*UTF8*$!
{
	archiveVersion = 1;
	classes = {
	};
	objectVersion = 52;
	objects = {

/* Begin PBXBuildFile section */
		8C30967725AB85680000CBCC /* AlarmWeatherApp.swift in Sources */ = {isa = PBXBuildFile; fileRef = 8C30967625AB85680000CBCC /* AlarmWeatherApp.swift */; };
		8C30967925AB85680000CBCC /* ContentView.swift in Sources */ = {isa = PBXBuildFile; fileRef = 8C30967825AB85680000CBCC /* ContentView.swift */; };
		8C30967B25AB856A0000CBCC /* Assets.xcassets in Resources */ = {isa = PBXBuildFile; fileRef = 8C30967A25AB856A0000CBCC /* Assets.xcassets */; };
		8C30967E25AB856A0000CBCC /* Preview Assets.xcassets in Resources */ = {isa = PBXBuildFile; fileRef = 8C30967D25AB856A0000CBCC /* Preview Assets.xcassets */; };
		8C30968925AB856A0000CBCC /* AlarmWeatherTests.swift in Sources */ = {isa = PBXBuildFile; fileRef = 8C30968825AB856A0000CBCC /* AlarmWeatherTests.swift */; };
		8C9B087025FCE73F0017973E /* AlarmWeatherFramework in Frameworks */ = {isa = PBXBuildFile; productRef = 8C9B086F25FCE73F0017973E /* AlarmWeatherFramework */; };
/* End PBXBuildFile section */

/* Begin PBXContainerItemProxy section */
		8C30968525AB856A0000CBCC /* PBXContainerItemProxy */ = {
			isa = PBXContainerItemProxy;
			containerPortal = 8C30966B25AB85680000CBCC /* Project object */;
			proxyType = 1;
			remoteGlobalIDString = 8C30967225AB85680000CBCC;
			remoteInfo = AlarmWeather;
		};
		8C30969025AB856A0000CBCC /* PBXContainerItemProxy */ = {
			isa = PBXContainerItemProxy;
			containerPortal = 8C30966B25AB85680000CBCC /* Project object */;
			proxyType = 1;
			remoteGlobalIDString = 8C30967225AB85680000CBCC;
			remoteInfo = AlarmWeather;
		};
/* End PBXContainerItemProxy section */

/* Begin PBXCopyFilesBuildPhase section */
		8CFC0EC925D04613008A45B4 /* Embed Frameworks */ = {
			isa = PBXCopyFilesBuildPhase;
			buildActionMask = 2147483647;
			dstPath = "";
			dstSubfolderSpec = 10;
			files = (
			);
			name = "Embed Frameworks";
			runOnlyForDeploymentPostprocessing = 0;
		};
/* End PBXCopyFilesBuildPhase section */

/* Begin PBXFileReference section */
		8C30967325AB85680000CBCC /* AlarmWeather.app */ = {isa = PBXFileReference; explicitFileType = wrapper.application; includeInIndex = 0; path = AlarmWeather.app; sourceTree = BUILT_PRODUCTS_DIR; };
		8C30967625AB85680000CBCC /* AlarmWeatherApp.swift */ = {isa = PBXFileReference; lastKnownFileType = sourcecode.swift; path = AlarmWeatherApp.swift; sourceTree = "<group>"; };
		8C30967825AB85680000CBCC /* ContentView.swift */ = {isa = PBXFileReference; lastKnownFileType = sourcecode.swift; path = ContentView.swift; sourceTree = "<group>"; };
		8C30967A25AB856A0000CBCC /* Assets.xcassets */ = {isa = PBXFileReference; lastKnownFileType = folder.assetcatalog; path = Assets.xcassets; sourceTree = "<group>"; };
		8C30967D25AB856A0000CBCC /* Preview Assets.xcassets */ = {isa = PBXFileReference; lastKnownFileType = folder.assetcatalog; path = "Preview Assets.xcassets"; sourceTree = "<group>"; };
		8C30967F25AB856A0000CBCC /* Info.plist */ = {isa = PBXFileReference; lastKnownFileType = text.plist.xml; path = Info.plist; sourceTree = "<group>"; };
		8C30968425AB856A0000CBCC /* AlarmWeatherTests.xctest */ = {isa = PBXFileReference; explicitFileType = wrapper.cfbundle; includeInIndex = 0; path = AlarmWeatherTests.xctest; sourceTree = BUILT_PRODUCTS_DIR; };
		8C30968825AB856A0000CBCC /* AlarmWeatherTests.swift */ = {isa = PBXFileReference; lastKnownFileType = sourcecode.swift; path = AlarmWeatherTests.swift; sourceTree = "<group>"; };
		8C30968A25AB856A0000CBCC /* Info.plist */ = {isa = PBXFileReference; lastKnownFileType = text.plist.xml; path = Info.plist; sourceTree = "<group>"; };
		8C30968F25AB856A0000CBCC /* AlarmWeatherUITests.xctest */ = {isa = PBXFileReference; explicitFileType = wrapper.cfbundle; includeInIndex = 0; path = AlarmWeatherUITests.xctest; sourceTree = BUILT_PRODUCTS_DIR; };
		8CDD272F25E2D63500862C56 /* AlarmWeatherFramework.framework */ = {isa = PBXFileReference; explicitFileType = wrapper.framework; path = AlarmWeatherFramework.framework; sourceTree = BUILT_PRODUCTS_DIR; };
		8CFC0EC625D04613008A45B4 /* AlarmWeatherFramework.framework */ = {isa = PBXFileReference; explicitFileType = wrapper.framework; path = AlarmWeatherFramework.framework; sourceTree = BUILT_PRODUCTS_DIR; };
/* End PBXFileReference section */

/* Begin PBXFrameworksBuildPhase section */
		8C30967025AB85680000CBCC /* Frameworks */ = {
			isa = PBXFrameworksBuildPhase;
			buildActionMask = 2147483647;
			files = (
				8C9B087025FCE73F0017973E /* AlarmWeatherFramework in Frameworks */,
			);
			runOnlyForDeploymentPostprocessing = 0;
		};
		8C30968125AB856A0000CBCC /* Frameworks */ = {
			isa = PBXFrameworksBuildPhase;
			buildActionMask = 2147483647;
			files = (
			);
			runOnlyForDeploymentPostprocessing = 0;
		};
		8C30968C25AB856A0000CBCC /* Frameworks */ = {
			isa = PBXFrameworksBuildPhase;
			buildActionMask = 2147483647;
			files = (
			);
			runOnlyForDeploymentPostprocessing = 0;
		};
/* End PBXFrameworksBuildPhase section */

/* Begin PBXGroup section */
		8C30966A25AB85680000CBCC = {
			isa = PBXGroup;
			children = (
				8C30967525AB85680000CBCC /* AlarmWeather */,
				8C30968725AB856A0000CBCC /* AlarmWeatherTests */,
				8C30967425AB85680000CBCC /* Products */,
				8CFC0EC525D04613008A45B4 /* Frameworks */,
			);
			sourceTree = "<group>";
		};
		8C30967425AB85680000CBCC /* Products */ = {
			isa = PBXGroup;
			children = (
				8C30967325AB85680000CBCC /* AlarmWeather.app */,
				8C30968425AB856A0000CBCC /* AlarmWeatherTests.xctest */,
				8C30968F25AB856A0000CBCC /* AlarmWeatherUITests.xctest */,
			);
			name = Products;
			sourceTree = "<group>";
		};
		8C30967525AB85680000CBCC /* AlarmWeather */ = {
			isa = PBXGroup;
			children = (
				8C30967625AB85680000CBCC /* AlarmWeatherApp.swift */,
				8C30967825AB85680000CBCC /* ContentView.swift */,
				8C30967A25AB856A0000CBCC /* Assets.xcassets */,
				8C30967F25AB856A0000CBCC /* Info.plist */,
				8C30967C25AB856A0000CBCC /* Preview Content */,
			);
			path = AlarmWeather;
			sourceTree = "<group>";
		};
		8C30967C25AB856A0000CBCC /* Preview Content */ = {
			isa = PBXGroup;
			children = (
				8C30967D25AB856A0000CBCC /* Preview Assets.xcassets */,
			);
			path = "Preview Content";
			sourceTree = "<group>";
		};
		8C30968725AB856A0000CBCC /* AlarmWeatherTests */ = {
			isa = PBXGroup;
			children = (
				8C30968825AB856A0000CBCC /* AlarmWeatherTests.swift */,
				8C30968A25AB856A0000CBCC /* Info.plist */,
			);
			path = AlarmWeatherTests;
			sourceTree = "<group>";
		};
		8CFC0EC525D04613008A45B4 /* Frameworks */ = {
			isa = PBXGroup;
			children = (
				8CDD272F25E2D63500862C56 /* AlarmWeatherFramework.framework */,
				8CFC0EC625D04613008A45B4 /* AlarmWeatherFramework.framework */,
			);
			name = Frameworks;
			sourceTree = "<group>";
		};
/* End PBXGroup section */

/* Begin PBXNativeTarget section */
		8C30967225AB85680000CBCC /* AlarmWeather */ = {
			isa = PBXNativeTarget;
			buildConfigurationList = 8C30969825AB856A0000CBCC /* Build configuration list for PBXNativeTarget "AlarmWeather" */;
			buildPhases = (
				8C30966F25AB85680000CBCC /* Sources */,
				8C30967025AB85680000CBCC /* Frameworks */,
				8C30967125AB85680000CBCC /* Resources */,
				8CFC0EC925D04613008A45B4 /* Embed Frameworks */,
			);
			buildRules = (
			);
			dependencies = (
			);
			name = AlarmWeather;
			packageProductDependencies = (
				8C9B086F25FCE73F0017973E /* AlarmWeatherFramework */,
			);
			productName = AlarmWeather;
			productReference = 8C30967325AB85680000CBCC /* AlarmWeather.app */;
			productType = "com.apple.product-type.application";
		};
		8C30968325AB856A0000CBCC /* AlarmWeatherTests */ = {
			isa = PBXNativeTarget;
			buildConfigurationList = 8C30969B25AB856A0000CBCC /* Build configuration list for PBXNativeTarget "AlarmWeatherTests" */;
			buildPhases = (
				8C30968025AB856A0000CBCC /* Sources */,
				8C30968125AB856A0000CBCC /* Frameworks */,
				8C30968225AB856A0000CBCC /* Resources */,
			);
			buildRules = (
			);
			dependencies = (
				8C30968625AB856A0000CBCC /* PBXTargetDependency */,
			);
			name = AlarmWeatherTests;
			productName = AlarmWeatherTests;
			productReference = 8C30968425AB856A0000CBCC /* AlarmWeatherTests.xctest */;
			productType = "com.apple.product-type.bundle.unit-test";
		};
		8C30968E25AB856A0000CBCC /* AlarmWeatherUITests */ = {
			isa = PBXNativeTarget;
			buildConfigurationList = 8C30969E25AB856A0000CBCC /* Build configuration list for PBXNativeTarget "AlarmWeatherUITests" */;
			buildPhases = (
				8C30968B25AB856A0000CBCC /* Sources */,
				8C30968C25AB856A0000CBCC /* Frameworks */,
				8C30968D25AB856A0000CBCC /* Resources */,
			);
			buildRules = (
			);
			dependencies = (
				8C30969125AB856A0000CBCC /* PBXTargetDependency */,
			);
			name = AlarmWeatherUITests;
			productName = AlarmWeatherUITests;
			productReference = 8C30968F25AB856A0000CBCC /* AlarmWeatherUITests.xctest */;
			productType = "com.apple.product-type.bundle.ui-testing";
		};
/* End PBXNativeTarget section */

/* Begin PBXProject section */
		8C30966B25AB85680000CBCC /* Project object */ = {
			isa = PBXProject;
			attributes = {
				LastSwiftUpdateCheck = 1230;
				LastUpgradeCheck = 1230;
				TargetAttributes = {
					8C30967225AB85680000CBCC = {
						CreatedOnToolsVersion = 12.3;
					};
					8C30968325AB856A0000CBCC = {
						CreatedOnToolsVersion = 12.3;
						TestTargetID = 8C30967225AB85680000CBCC;
					};
					8C30968E25AB856A0000CBCC = {
						CreatedOnToolsVersion = 12.3;
						TestTargetID = 8C30967225AB85680000CBCC;
					};
				};
			};
			buildConfigurationList = 8C30966E25AB85680000CBCC /* Build configuration list for PBXProject "AlarmWeather" */;
			compatibilityVersion = "Xcode 9.3";
			developmentRegion = en;
			hasScannedForEncodings = 0;
			knownRegions = (
				en,
				Base,
			);
			mainGroup = 8C30966A25AB85680000CBCC;
			packageReferences = (
				8C9B086E25FCE73F0017973E /* XCRemoteSwiftPackageReference "currentweather" */,
			);
			productRefGroup = 8C30967425AB85680000CBCC /* Products */;
			projectDirPath = "";
			projectRoot = "";
			targets = (
				8C30967225AB85680000CBCC /* AlarmWeather */,
				8C30968325AB856A0000CBCC /* AlarmWeatherTests */,
				8C30968E25AB856A0000CBCC /* AlarmWeatherUITests */,
			);
		};
/* End PBXProject section */

/* Begin PBXResourcesBuildPhase section */
		8C30967125AB85680000CBCC /* Resources */ = {
			isa = PBXResourcesBuildPhase;
			buildActionMask = 2147483647;
			files = (
				8C30967E25AB856A0000CBCC /* Preview Assets.xcassets in Resources */,
				8C30967B25AB856A0000CBCC /* Assets.xcassets in Resources */,
			);
			runOnlyForDeploymentPostprocessing = 0;
		};
		8C30968225AB856A0000CBCC /* Resources */ = {
			isa = PBXResourcesBuildPhase;
			buildActionMask = 2147483647;
			files = (
			);
			runOnlyForDeploymentPostprocessing = 0;
		};
		8C30968D25AB856A0000CBCC /* Resources */ = {
			isa = PBXResourcesBuildPhase;
			buildActionMask = 2147483647;
			files = (
			);
			runOnlyForDeploymentPostprocessing = 0;
		};
/* End PBXResourcesBuildPhase section */

/* Begin PBXSourcesBuildPhase section */
		8C30966F25AB85680000CBCC /* Sources */ = {
			isa = PBXSourcesBuildPhase;
			buildActionMask = 2147483647;
			files = (
				8C30967925AB85680000CBCC /* ContentView.swift in Sources */,
				8C30967725AB85680000CBCC /* AlarmWeatherApp.swift in Sources */,
			);
			runOnlyForDeploymentPostprocessing = 0;
		};
		8C30968025AB856A0000CBCC /* Sources */ = {
			isa = PBXSourcesBuildPhase;
			buildActionMask = 2147483647;
			files = (
				8C30968925AB856A0000CBCC /* AlarmWeatherTests.swift in Sources */,
			);
			runOnlyForDeploymentPostprocessing = 0;
		};
		8C30968B25AB856A0000CBCC /* Sources */ = {
			isa = PBXSourcesBuildPhase;
			buildActionMask = 2147483647;
			files = (
			);
			runOnlyForDeploymentPostprocessing = 0;
		};
/* End PBXSourcesBuildPhase section */

/* Begin PBXTargetDependency section */
		8C30968625AB856A0000CBCC /* PBXTargetDependency */ = {
			isa = PBXTargetDependency;
			target = 8C30967225AB85680000CBCC /* AlarmWeather */;
			targetProxy = 8C30968525AB856A0000CBCC /* PBXContainerItemProxy */;
		};
		8C30969125AB856A0000CBCC /* PBXTargetDependency */ = {
			isa = PBXTargetDependency;
			target = 8C30967225AB85680000CBCC /* AlarmWeather */;
			targetProxy = 8C30969025AB856A0000CBCC /* PBXContainerItemProxy */;
		};
/* End PBXTargetDependency section */

/* Begin XCBuildConfiguration section */
		8C30969625AB856A0000CBCC /* Debug */ = {
			isa = XCBuildConfiguration;
			buildSettings = {
				ALWAYS_SEARCH_USER_PATHS = NO;
				CLANG_ANALYZER_NONNULL = YES;
				CLANG_ANALYZER_NUMBER_OBJECT_CONVERSION = YES_AGGRESSIVE;
				CLANG_CXX_LANGUAGE_STANDARD = "gnu++14";
				CLANG_CXX_LIBRARY = "libc++";
				CLANG_ENABLE_MODULES = YES;
				CLANG_ENABLE_OBJC_ARC = YES;
				CLANG_ENABLE_OBJC_WEAK = YES;
				CLANG_WARN_BLOCK_CAPTURE_AUTORELEASING = YES;
				CLANG_WARN_BOOL_CONVERSION = YES;
				CLANG_WARN_COMMA = YES;
				CLANG_WARN_CONSTANT_CONVERSION = YES;
				CLANG_WARN_DEPRECATED_OBJC_IMPLEMENTATIONS = YES;
				CLANG_WARN_DIRECT_OBJC_ISA_USAGE = YES_ERROR;
				CLANG_WARN_DOCUMENTATION_COMMENTS = YES;
				CLANG_WARN_EMPTY_BODY = YES;
				CLANG_WARN_ENUM_CONVERSION = YES;
				CLANG_WARN_INFINITE_RECURSION = YES;
				CLANG_WARN_INT_CONVERSION = YES;
				CLANG_WARN_NON_LITERAL_NULL_CONVERSION = YES;
				CLANG_WARN_OBJC_IMPLICIT_RETAIN_SELF = YES;
				CLANG_WARN_OBJC_LITERAL_CONVERSION = YES;
				CLANG_WARN_OBJC_ROOT_CLASS = YES_ERROR;
				CLANG_WARN_QUOTED_INCLUDE_IN_FRAMEWORK_HEADER = YES;
				CLANG_WARN_RANGE_LOOP_ANALYSIS = YES;
				CLANG_WARN_STRICT_PROTOTYPES = YES;
				CLANG_WARN_SUSPICIOUS_MOVE = YES;
				CLANG_WARN_UNGUARDED_AVAILABILITY = YES_AGGRESSIVE;
				CLANG_WARN_UNREACHABLE_CODE = YES;
				CLANG_WARN__DUPLICATE_METHOD_MATCH = YES;
				COPY_PHASE_STRIP = NO;
				DEBUG_INFORMATION_FORMAT = dwarf;
				ENABLE_STRICT_OBJC_MSGSEND = YES;
				ENABLE_TESTABILITY = YES;
				GCC_C_LANGUAGE_STANDARD = gnu11;
				GCC_DYNAMIC_NO_PIC = NO;
				GCC_NO_COMMON_BLOCKS = YES;
				GCC_OPTIMIZATION_LEVEL = 0;
				GCC_PREPROCESSOR_DEFINITIONS = (
					"DEBUG=1",
					"$(inherited)",
				);
				GCC_WARN_64_TO_32_BIT_CONVERSION = YES;
				GCC_WARN_ABOUT_RETURN_TYPE = YES_ERROR;
				GCC_WARN_UNDECLARED_SELECTOR = YES;
				GCC_WARN_UNINITIALIZED_AUTOS = YES_AGGRESSIVE;
				GCC_WARN_UNUSED_FUNCTION = YES;
				GCC_WARN_UNUSED_VARIABLE = YES;
				IPHONEOS_DEPLOYMENT_TARGET = 14.3;
				MTL_ENABLE_DEBUG_INFO = INCLUDE_SOURCE;
				MTL_FAST_MATH = YES;
				ONLY_ACTIVE_ARCH = YES;
				SDKROOT = iphoneos;
				SWIFT_ACTIVE_COMPILATION_CONDITIONS = DEBUG;
				SWIFT_OPTIMIZATION_LEVEL = "-Onone";
			};
			name = Debug;
		};
		8C30969725AB856A0000CBCC /* Release */ = {
			isa = XCBuildConfiguration;
			buildSettings = {
				ALWAYS_SEARCH_USER_PATHS = NO;
				CLANG_ANALYZER_NONNULL = YES;
				CLANG_ANALYZER_NUMBER_OBJECT_CONVERSION = YES_AGGRESSIVE;
				CLANG_CXX_LANGUAGE_STANDARD = "gnu++14";
				CLANG_CXX_LIBRARY = "libc++";
				CLANG_ENABLE_MODULES = YES;
				CLANG_ENABLE_OBJC_ARC = YES;
				CLANG_ENABLE_OBJC_WEAK = YES;
				CLANG_WARN_BLOCK_CAPTURE_AUTORELEASING = YES;
				CLANG_WARN_BOOL_CONVERSION = YES;
				CLANG_WARN_COMMA = YES;
				CLANG_WARN_CONSTANT_CONVERSION = YES;
				CLANG_WARN_DEPRECATED_OBJC_IMPLEMENTATIONS = YES;
				CLANG_WARN_DIRECT_OBJC_ISA_USAGE = YES_ERROR;
				CLANG_WARN_DOCUMENTATION_COMMENTS = YES;
				CLANG_WARN_EMPTY_BODY = YES;
				CLANG_WARN_ENUM_CONVERSION = YES;
				CLANG_WARN_INFINITE_RECURSION = YES;
				CLANG_WARN_INT_CONVERSION = YES;
				CLANG_WARN_NON_LITERAL_NULL_CONVERSION = YES;
				CLANG_WARN_OBJC_IMPLICIT_RETAIN_SELF = YES;
				CLANG_WARN_OBJC_LITERAL_CONVERSION = YES;
				CLANG_WARN_OBJC_ROOT_CLASS = YES_ERROR;
				CLANG_WARN_QUOTED_INCLUDE_IN_FRAMEWORK_HEADER = YES;
				CLANG_WARN_RANGE_LOOP_ANALYSIS = YES;
				CLANG_WARN_STRICT_PROTOTYPES = YES;
				CLANG_WARN_SUSPICIOUS_MOVE = YES;
				CLANG_WARN_UNGUARDED_AVAILABILITY = YES_AGGRESSIVE;
				CLANG_WARN_UNREACHABLE_CODE = YES;
				CLANG_WARN__DUPLICATE_METHOD_MATCH = YES;
				COPY_PHASE_STRIP = NO;
				DEBUG_INFORMATION_FORMAT = "dwarf-with-dsym";
				ENABLE_NS_ASSERTIONS = NO;
				ENABLE_STRICT_OBJC_MSGSEND = YES;
				GCC_C_LANGUAGE_STANDARD = gnu11;
				GCC_NO_COMMON_BLOCKS = YES;
				GCC_WARN_64_TO_32_BIT_CONVERSION = YES;
				GCC_WARN_ABOUT_RETURN_TYPE = YES_ERROR;
				GCC_WARN_UNDECLARED_SELECTOR = YES;
				GCC_WARN_UNINITIALIZED_AUTOS = YES_AGGRESSIVE;
				GCC_WARN_UNUSED_FUNCTION = YES;
				GCC_WARN_UNUSED_VARIABLE = YES;
				IPHONEOS_DEPLOYMENT_TARGET = 14.3;
				MTL_ENABLE_DEBUG_INFO = NO;
				MTL_FAST_MATH = YES;
				SDKROOT = iphoneos;
				SWIFT_COMPILATION_MODE = wholemodule;
				SWIFT_OPTIMIZATION_LEVEL = "-O";
				VALIDATE_PRODUCT = YES;
			};
			name = Release;
		};
		8C30969925AB856A0000CBCC /* Debug */ = {
			isa = XCBuildConfiguration;
			buildSettings = {
				ASSETCATALOG_COMPILER_APPICON_NAME = AppIcon;
				ASSETCATALOG_COMPILER_GLOBAL_ACCENT_COLOR_NAME = AccentColor;
				CODE_SIGN_STYLE = Automatic;
				DEVELOPMENT_ASSET_PATHS = "\"AlarmWeather/Preview Content\"";
				DEVELOPMENT_TEAM = 93U68A4CC9;
				ENABLE_PREVIEWS = YES;
				INFOPLIST_FILE = AlarmWeather/Info.plist;
				IPHONEOS_DEPLOYMENT_TARGET = 14.0;
				LD_RUNPATH_SEARCH_PATHS = (
					"$(inherited)",
					"@executable_path/Frameworks",
				);
				PRODUCT_BUNDLE_IDENTIFIER = com.badnetapps.alarmweather.AlarmWeather;
				PRODUCT_NAME = "$(TARGET_NAME)";
				SWIFT_VERSION = 5.0;
				TARGETED_DEVICE_FAMILY = "1,2";
			};
			name = Debug;
		};
		8C30969A25AB856A0000CBCC /* Release */ = {
			isa = XCBuildConfiguration;
			buildSettings = {
				ASSETCATALOG_COMPILER_APPICON_NAME = AppIcon;
				ASSETCATALOG_COMPILER_GLOBAL_ACCENT_COLOR_NAME = AccentColor;
				CODE_SIGN_STYLE = Automatic;
				DEVELOPMENT_ASSET_PATHS = "\"AlarmWeather/Preview Content\"";
				DEVELOPMENT_TEAM = 93U68A4CC9;
				ENABLE_PREVIEWS = YES;
				INFOPLIST_FILE = AlarmWeather/Info.plist;
				IPHONEOS_DEPLOYMENT_TARGET = 14.0;
				LD_RUNPATH_SEARCH_PATHS = (
					"$(inherited)",
					"@executable_path/Frameworks",
				);
				PRODUCT_BUNDLE_IDENTIFIER = com.badnetapps.alarmweather.AlarmWeather;
				PRODUCT_NAME = "$(TARGET_NAME)";
				SWIFT_VERSION = 5.0;
				TARGETED_DEVICE_FAMILY = "1,2";
			};
			name = Release;
		};
		8C30969C25AB856A0000CBCC /* Debug */ = {
			isa = XCBuildConfiguration;
			buildSettings = {
				ALWAYS_EMBED_SWIFT_STANDARD_LIBRARIES = YES;
				BUNDLE_LOADER = "$(TEST_HOST)";
				CODE_SIGN_STYLE = Automatic;
				DEVELOPMENT_TEAM = 93U68A4CC9;
				INFOPLIST_FILE = AlarmWeatherTests/Info.plist;
				IPHONEOS_DEPLOYMENT_TARGET = 14.0;
				LD_RUNPATH_SEARCH_PATHS = (
					"$(inherited)",
					"@executable_path/Frameworks",
					"@loader_path/Frameworks",
				);
				PRODUCT_BUNDLE_IDENTIFIER = com.badnetapps.alarmweather.AlarmWeatherTests;
				PRODUCT_NAME = "$(TARGET_NAME)";
				SWIFT_VERSION = 5.0;
				TARGETED_DEVICE_FAMILY = "1,2";
				TEST_HOST = "$(BUILT_PRODUCTS_DIR)/AlarmWeather.app/AlarmWeather";
			};
			name = Debug;
		};
		8C30969D25AB856A0000CBCC /* Release */ = {
			isa = XCBuildConfiguration;
			buildSettings = {
				ALWAYS_EMBED_SWIFT_STANDARD_LIBRARIES = YES;
				BUNDLE_LOADER = "$(TEST_HOST)";
				CODE_SIGN_STYLE = Automatic;
				DEVELOPMENT_TEAM = 93U68A4CC9;
				INFOPLIST_FILE = AlarmWeatherTests/Info.plist;
				IPHONEOS_DEPLOYMENT_TARGET = 14.0;
				LD_RUNPATH_SEARCH_PATHS = (
					"$(inherited)",
					"@executable_path/Frameworks",
					"@loader_path/Frameworks",
				);
				PRODUCT_BUNDLE_IDENTIFIER = com.badnetapps.alarmweather.AlarmWeatherTests;
				PRODUCT_NAME = "$(TARGET_NAME)";
				SWIFT_VERSION = 5.0;
				TARGETED_DEVICE_FAMILY = "1,2";
				TEST_HOST = "$(BUILT_PRODUCTS_DIR)/AlarmWeather.app/AlarmWeather";
			};
			name = Release;
		};
		8C30969F25AB856A0000CBCC /* Debug */ = {
			isa = XCBuildConfiguration;
			buildSettings = {
				ALWAYS_EMBED_SWIFT_STANDARD_LIBRARIES = YES;
				CODE_SIGN_STYLE = Automatic;
				DEVELOPMENT_TEAM = 93U68A4CC9;
				INFOPLIST_FILE = AlarmWeatherUITests/Info.plist;
				LD_RUNPATH_SEARCH_PATHS = (
					"$(inherited)",
					"@executable_path/Frameworks",
					"@loader_path/Frameworks",
				);
				PRODUCT_BUNDLE_IDENTIFIER = com.badnetapps.alarmweather.AlarmWeatherUITests;
				PRODUCT_NAME = "$(TARGET_NAME)";
				SWIFT_VERSION = 5.0;
				TARGETED_DEVICE_FAMILY = "1,2";
				TEST_TARGET_NAME = AlarmWeather;
			};
			name = Debug;
		};
		8C3096A025AB856A0000CBCC /* Release */ = {
			isa = XCBuildConfiguration;
			buildSettings = {
				ALWAYS_EMBED_SWIFT_STANDARD_LIBRARIES = YES;
				CODE_SIGN_STYLE = Automatic;
				DEVELOPMENT_TEAM = 93U68A4CC9;
				INFOPLIST_FILE = AlarmWeatherUITests/Info.plist;
				LD_RUNPATH_SEARCH_PATHS = (
					"$(inherited)",
					"@executable_path/Frameworks",
					"@loader_path/Frameworks",
				);
				PRODUCT_BUNDLE_IDENTIFIER = com.badnetapps.alarmweather.AlarmWeatherUITests;
				PRODUCT_NAME = "$(TARGET_NAME)";
				SWIFT_VERSION = 5.0;
				TARGETED_DEVICE_FAMILY = "1,2";
				TEST_TARGET_NAME = AlarmWeather;
			};
			name = Release;
		};
/* End XCBuildConfiguration section */

/* Begin XCConfigurationList section */
		8C30966E25AB85680000CBCC /* Build configuration list for PBXProject "AlarmWeather" */ = {
			isa = XCConfigurationList;
			buildConfigurations = (
				8C30969625AB856A0000CBCC /* Debug */,
				8C30969725AB856A0000CBCC /* Release */,
			);
			defaultConfigurationIsVisible = 0;
			defaultConfigurationName = Release;
		};
		8C30969825AB856A0000CBCC /* Build configuration list for PBXNativeTarget "AlarmWeather" */ = {
			isa = XCConfigurationList;
			buildConfigurations = (
				8C30969925AB856A0000CBCC /* Debug */,
				8C30969A25AB856A0000CBCC /* Release */,
			);
			defaultConfigurationIsVisible = 0;
			defaultConfigurationName = Release;
		};
		8C30969B25AB856A0000CBCC /* Build configuration list for PBXNativeTarget "AlarmWeatherTests" */ = {
			isa = XCConfigurationList;
			buildConfigurations = (
				8C30969C25AB856A0000CBCC /* Debug */,
				8C30969D25AB856A0000CBCC /* Release */,
			);
			defaultConfigurationIsVisible = 0;
			defaultConfigurationName = Release;
		};
		8C30969E25AB856A0000CBCC /* Build configuration list for PBXNativeTarget "AlarmWeatherUITests" */ = {
			isa = XCConfigurationList;
			buildConfigurations = (
				8C30969F25AB856A0000CBCC /* Debug */,
				8C3096A025AB856A0000CBCC /* Release */,
			);
			defaultConfigurationIsVisible = 0;
			defaultConfigurationName = Release;
		};
/* End XCConfigurationList section */

/* Begin XCRemoteSwiftPackageReference section */
		8C9B086E25FCE73F0017973E /* XCRemoteSwiftPackageReference "currentweather" */ = {
			isa = XCRemoteSwiftPackageReference;
			repositoryURL = "https://github.com/badredaha/currentweather.git";
			requirement = {
				branch = main;
				kind = branch;
			};
		};
/* End XCRemoteSwiftPackageReference section */

/* Begin XCSwiftPackageProductDependency section */
		8C9B086F25FCE73F0017973E /* AlarmWeatherFramework */ = {
			isa = XCSwiftPackageProductDependency;
			package = 8C9B086E25FCE73F0017973E /* XCRemoteSwiftPackageReference "currentweather" */;
			productName = AlarmWeatherFramework;
		};
/* End XCSwiftPackageProductDependency section */
	};
	rootObject = 8C30966B25AB85680000CBCC /* Project object */;
}
